
Microsoft Visual Studio Solution File, Format Version 12.00
# Visual Studio 15
VisualStudioVersion = 15.0.27130.2010
MinimumVisualStudioVersion = 10.0.40219.1
Project("{FAE04EC0-301F-11D3-BF4B-00C04F79EFBC}") = "WpfApp", "WpfApp\WpfApp.csproj", "{C680FD8A-1F1F-4071-9A2C-35EF3C2E5FAE}"
EndProject
Global
	GlobalSection(SolutionConfigurationPlatforms) = preSolution
		Debug|Any CPU = Debug|Any CPU
		Release|Any CPU = Release|Any CPU
	EndGlobalSection
	GlobalSection(ProjectConfigurationPlatforms) = postSolution
		{C680FD8A-1F1F-4071-9A2C-35EF3C2E5FAE}.Debug|Any CPU.ActiveCfg = Debug|Any CPU
		{C680FD8A-1F1F-4071-9A2C-35EF3C2E5FAE}.Debug|Any CPU.Build.0 = Debug|Any CPU
		{C680FD8A-1F1F-4071-9A2C-35EF3C2E5FAE}.Release|Any CPU.ActiveCfg = Release|Any CPU
		{C680FD8A-1F1F-4071-9A2C-35EF3C2E5FAE}.Release|Any CPU.Build.0 = Release|Any CPU
	EndGlobalSection
	GlobalSection(SolutionProperties) = preSolution
		HideSolutionNode = FALSE
	EndGlobalSection
	GlobalSection(ExtensibilityGlobals) = postSolution
		SolutionGuid = {4E8BBF87-C148-4FD4-8B05-FD3B0CFA6B1F}
	EndGlobalSection
EndGlobal
